
Microsoft Visual Studio Solution File, Format Version 12.00
# Visual Studio Version 17
VisualStudioVersion = 17.1.32210.238
MinimumVisualStudioVersion = 10.0.40219.1
Project("{FAE04EC0-301F-11D3-BF4B-00C04F79EFBC}") = "TypesAndVariables", "TypesAndVariables\TypesAndVariables.csproj", "{660E4463-EF34-4C6A-B915-6A0E5CA30714}"
EndProject
Project("{FAE04EC0-301F-11D3-BF4B-00C04F79EFBC}") = "Conditionals", "Conditionals\Conditionals.csproj", "{A1BB4926-3BC9-49BF-A782-34C08A955024}"
EndProject
Project("{FAE04EC0-301F-11D3-BF4B-00C04F79EFBC}") = "Methods", "Methods\Methods.csproj", "{A6522867-6237-416F-B0AE-7948E5CEC669}"
EndProject
Project("{FAE04EC0-301F-11D3-BF4B-00C04F79EFBC}") = "Arrays", "Arrays\Arrays.csproj", "{96D9B798-1CCB-41A8-B039-580AC174906A}"
EndProject
Project("{FAE04EC0-301F-11D3-BF4B-00C04F79EFBC}") = "Loops", "Loops\Loops.csproj", "{B3D2C319-C810-4270-9ADD-A1AD9C6C75A6}"
EndProject
Project("{FAE04EC0-301F-11D3-BF4B-00C04F79EFBC}") = "Strings", "Strings\Strings.csproj", "{0EA1A860-0A2E-43DC-AA6E-6C05981AD23F}"
EndProject
Project("{FAE04EC0-301F-11D3-BF4B-00C04F79EFBC}") = "Classes", "Classes\Classes.csproj", "{D4D2DB5E-11E4-4CA7-A207-859C7D081C88}"
EndProject
Project("{FAE04EC0-301F-11D3-BF4B-00C04F79EFBC}") = "RecapDemo1", "RecapDemo1\RecapDemo1.csproj", "{039C0243-16CE-44C1-BF80-8659259691A4}"
EndProject
Project("{FAE04EC0-301F-11D3-BF4B-00C04F79EFBC}") = "Interfaces", "Interfaces\Interfaces.csproj", "{031CF180-D374-468E-8D71-D1983F41B868}"
EndProject
Project("{FAE04EC0-301F-11D3-BF4B-00C04F79EFBC}") = "InterfacesDemo", "InterfacesDemo\InterfacesDemo.csproj", "{36AA94B3-C725-4AB4-B07E-AB6CA6E2D526}"
EndProject
Project("{FAE04EC0-301F-11D3-BF4B-00C04F79EFBC}") = "Inheritance", "Inheritance\Inheritance.csproj", "{101CC616-2E52-46C6-B964-137A69540883}"
EndProject
Project("{FAE04EC0-301F-11D3-BF4B-00C04F79EFBC}") = "VirtualMethods", "VirtualMethods\VirtualMethods.csproj", "{0D5C4F1E-D5B3-4067-920B-BF2E970B5EEB}"
EndProject
Project("{FAE04EC0-301F-11D3-BF4B-00C04F79EFBC}") = "AbstractClasses", "AbstractClasses\AbstractClasses.csproj", "{3FAF1278-EEB3-4BBF-B753-F839B0B157DD}"
EndProject
Project("{FAE04EC0-301F-11D3-BF4B-00C04F79EFBC}") = "RecapDemo2", "RecapDemo2\RecapDemo2.csproj", "{ED8D1B8F-3B74-4F88-B0A3-DFF7202073A9}"
EndProject
Project("{FAE04EC0-301F-11D3-BF4B-00C04F79EFBC}") = "AccessModifiers", "AccessModifiers\AccessModifiers.csproj", "{6142C70C-4B65-4DEE-A0B7-F605FA604F36}"
EndProject
Project("{FAE04EC0-301F-11D3-BF4B-00C04F79EFBC}") = "AccessModifiersDemo", "AccessModifiersDemo\AccessModifiersDemo.csproj", "{C44555FA-B5A5-4802-887E-E97D00AD42C8}"
EndProject
Project("{FAE04EC0-301F-11D3-BF4B-00C04F79EFBC}") = "Constructors", "Constructors\Constructors.csproj", "{66A797CF-06C3-4696-82AF-E3874F347B54}"
EndProject
Project("{FAE04EC0-301F-11D3-BF4B-00C04F79EFBC}") = "ReferenceAndValueType", "ReferenceAndValueType\ReferenceAndValueType.csproj", "{9CD69D09-FAF8-4B2B-A2A1-87727145EF8F}"
EndProject
Project("{FAE04EC0-301F-11D3-BF4B-00C04F79EFBC}") = "Collections", "Collections\Collections.csproj", "{3507F88D-3300-40FC-95D1-9F4FB68F81F7}"
EndProject
Project("{FAE04EC0-301F-11D3-BF4B-00C04F79EFBC}") = "Exceptions", "Exceptions\Exceptions.csproj", "{54A01E11-B3C4-4BC0-8FAE-2D499C15BE07}"
EndProject
Project("{FAE04EC0-301F-11D3-BF4B-00C04F79EFBC}") = "AdoNetDemo", "AdoNetDemo\AdoNetDemo.csproj", "{EDFB8C7B-063A-4261-B5F2-1D7B477CC02D}"
EndProject
Global
	GlobalSection(SolutionConfigurationPlatforms) = preSolution
		Debug|Any CPU = Debug|Any CPU
		Release|Any CPU = Release|Any CPU
	EndGlobalSection
	GlobalSection(ProjectConfigurationPlatforms) = postSolution
		{660E4463-EF34-4C6A-B915-6A0E5CA30714}.Debug|Any CPU.ActiveCfg = Debug|Any CPU
		{660E4463-EF34-4C6A-B915-6A0E5CA30714}.Debug|Any CPU.Build.0 = Debug|Any CPU
		{660E4463-EF34-4C6A-B915-6A0E5CA30714}.Release|Any CPU.ActiveCfg = Release|Any CPU
		{660E4463-EF34-4C6A-B915-6A0E5CA30714}.Release|Any CPU.Build.0 = Release|Any CPU
		{A1BB4926-3BC9-49BF-A782-34C08A955024}.Debug|Any CPU.ActiveCfg = Debug|Any CPU
		{A1BB4926-3BC9-49BF-A782-34C08A955024}.Debug|Any CPU.Build.0 = Debug|Any CPU
		{A1BB4926-3BC9-49BF-A782-34C08A955024}.Release|Any CPU.ActiveCfg = Release|Any CPU
		{A1BB4926-3BC9-49BF-A782-34C08A955024}.Release|Any CPU.Build.0 = Release|Any CPU
		{A6522867-6237-416F-B0AE-7948E5CEC669}.Debug|Any CPU.ActiveCfg = Debug|Any CPU
		{A6522867-6237-416F-B0AE-7948E5CEC669}.Debug|Any CPU.Build.0 = Debug|Any CPU
		{A6522867-6237-416F-B0AE-7948E5CEC669}.Release|Any CPU.ActiveCfg = Release|Any CPU
		{A6522867-6237-416F-B0AE-7948E5CEC669}.Release|Any CPU.Build.0 = Release|Any CPU
		{96D9B798-1CCB-41A8-B039-580AC174906A}.Debug|Any CPU.ActiveCfg = Debug|Any CPU
		{96D9B798-1CCB-41A8-B039-580AC174906A}.Debug|Any CPU.Build.0 = Debug|Any CPU
		{96D9B798-1CCB-41A8-B039-580AC174906A}.Release|Any CPU.ActiveCfg = Release|Any CPU
		{96D9B798-1CCB-41A8-B039-580AC174906A}.Release|Any CPU.Build.0 = Release|Any CPU
		{B3D2C319-C810-4270-9ADD-A1AD9C6C75A6}.Debug|Any CPU.ActiveCfg = Debug|Any CPU
		{B3D2C319-C810-4270-9ADD-A1AD9C6C75A6}.Debug|Any CPU.Build.0 = Debug|Any CPU
		{B3D2C319-C810-4270-9ADD-A1AD9C6C75A6}.Release|Any CPU.ActiveCfg = Release|Any CPU
		{B3D2C319-C810-4270-9ADD-A1AD9C6C75A6}.Release|Any CPU.Build.0 = Release|Any CPU
		{0EA1A860-0A2E-43DC-AA6E-6C05981AD23F}.Debug|Any CPU.ActiveCfg = Debug|Any CPU
		{0EA1A860-0A2E-43DC-AA6E-6C05981AD23F}.Debug|Any CPU.Build.0 = Debug|Any CPU
		{0EA1A860-0A2E-43DC-AA6E-6C05981AD23F}.Release|Any CPU.ActiveCfg = Release|Any CPU
		{0EA1A860-0A2E-43DC-AA6E-6C05981AD23F}.Release|Any CPU.Build.0 = Release|Any CPU
		{D4D2DB5E-11E4-4CA7-A207-859C7D081C88}.Debug|Any CPU.ActiveCfg = Debug|Any CPU
		{D4D2DB5E-11E4-4CA7-A207-859C7D081C88}.Debug|Any CPU.Build.0 = Debug|Any CPU
		{D4D2DB5E-11E4-4CA7-A207-859C7D081C88}.Release|Any CPU.ActiveCfg = Release|Any CPU
		{D4D2DB5E-11E4-4CA7-A207-859C7D081C88}.Release|Any CPU.Build.0 = Release|Any CPU
		{039C0243-16CE-44C1-BF80-8659259691A4}.Debug|Any CPU.ActiveCfg = Debug|Any CPU
		{039C0243-16CE-44C1-BF80-8659259691A4}.Debug|Any CPU.Build.0 = Debug|Any CPU
		{039C0243-16CE-44C1-BF80-8659259691A4}.Release|Any CPU.ActiveCfg = Release|Any CPU
		{039C0243-16CE-44C1-BF80-8659259691A4}.Release|Any CPU.Build.0 = Release|Any CPU
		{031CF180-D374-468E-8D71-D1983F41B868}.Debug|Any CPU.ActiveCfg = Debug|Any CPU
		{031CF180-D374-468E-8D71-D1983F41B868}.Debug|Any CPU.Build.0 = Debug|Any CPU
		{031CF180-D374-468E-8D71-D1983F41B868}.Release|Any CPU.ActiveCfg = Release|Any CPU
		{031CF180-D374-468E-8D71-D1983F41B868}.Release|Any CPU.Build.0 = Release|Any CPU
		{36AA94B3-C725-4AB4-B07E-AB6CA6E2D526}.Debug|Any CPU.ActiveCfg = Debug|Any CPU
		{36AA94B3-C725-4AB4-B07E-AB6CA6E2D526}.Debug|Any CPU.Build.0 = Debug|Any CPU
		{36AA94B3-C725-4AB4-B07E-AB6CA6E2D526}.Release|Any CPU.ActiveCfg = Release|Any CPU
		{36AA94B3-C725-4AB4-B07E-AB6CA6E2D526}.Release|Any CPU.Build.0 = Release|Any CPU
		{101CC616-2E52-46C6-B964-137A69540883}.Debug|Any CPU.ActiveCfg = Debug|Any CPU
		{101CC616-2E52-46C6-B964-137A69540883}.Debug|Any CPU.Build.0 = Debug|Any CPU
		{101CC616-2E52-46C6-B964-137A69540883}.Release|Any CPU.ActiveCfg = Release|Any CPU
		{101CC616-2E52-46C6-B964-137A69540883}.Release|Any CPU.Build.0 = Release|Any CPU
		{0D5C4F1E-D5B3-4067-920B-BF2E970B5EEB}.Debug|Any CPU.ActiveCfg = Debug|Any CPU
		{0D5C4F1E-D5B3-4067-920B-BF2E970B5EEB}.Debug|Any CPU.Build.0 = Debug|Any CPU
		{0D5C4F1E-D5B3-4067-920B-BF2E970B5EEB}.Release|Any CPU.ActiveCfg = Release|Any CPU
		{0D5C4F1E-D5B3-4067-920B-BF2E970B5EEB}.Release|Any CPU.Build.0 = Release|Any CPU
		{3FAF1278-EEB3-4BBF-B753-F839B0B157DD}.Debug|Any CPU.ActiveCfg = Debug|Any CPU
		{3FAF1278-EEB3-4BBF-B753-F839B0B157DD}.Debug|Any CPU.Build.0 = Debug|Any CPU
		{3FAF1278-EEB3-4BBF-B753-F839B0B157DD}.Release|Any CPU.ActiveCfg = Release|Any CPU
		{3FAF1278-EEB3-4BBF-B753-F839B0B157DD}.Release|Any CPU.Build.0 = Release|Any CPU
		{ED8D1B8F-3B74-4F88-B0A3-DFF7202073A9}.Debug|Any CPU.ActiveCfg = Debug|Any CPU
		{ED8D1B8F-3B74-4F88-B0A3-DFF7202073A9}.Debug|Any CPU.Build.0 = Debug|Any CPU
		{ED8D1B8F-3B74-4F88-B0A3-DFF7202073A9}.Release|Any CPU.ActiveCfg = Release|Any CPU
		{ED8D1B8F-3B74-4F88-B0A3-DFF7202073A9}.Release|Any CPU.Build.0 = Release|Any CPU
		{6142C70C-4B65-4DEE-A0B7-F605FA604F36}.Debug|Any CPU.ActiveCfg = Debug|Any CPU
		{6142C70C-4B65-4DEE-A0B7-F605FA604F36}.Debug|Any CPU.Build.0 = Debug|Any CPU
		{6142C70C-4B65-4DEE-A0B7-F605FA604F36}.Release|Any CPU.ActiveCfg = Release|Any CPU
		{6142C70C-4B65-4DEE-A0B7-F605FA604F36}.Release|Any CPU.Build.0 = Release|Any CPU
		{C44555FA-B5A5-4802-887E-E97D00AD42C8}.Debug|Any CPU.ActiveCfg = Debug|Any CPU
		{C44555FA-B5A5-4802-887E-E97D00AD42C8}.Debug|Any CPU.Build.0 = Debug|Any CPU
		{C44555FA-B5A5-4802-887E-E97D00AD42C8}.Release|Any CPU.ActiveCfg = Release|Any CPU
		{C44555FA-B5A5-4802-887E-E97D00AD42C8}.Release|Any CPU.Build.0 = Release|Any CPU
		{66A797CF-06C3-4696-82AF-E3874F347B54}.Debug|Any CPU.ActiveCfg = Debug|Any CPU
		{66A797CF-06C3-4696-82AF-E3874F347B54}.Debug|Any CPU.Build.0 = Debug|Any CPU
		{66A797CF-06C3-4696-82AF-E3874F347B54}.Release|Any CPU.ActiveCfg = Release|Any CPU
		{66A797CF-06C3-4696-82AF-E3874F347B54}.Release|Any CPU.Build.0 = Release|Any CPU
		{9CD69D09-FAF8-4B2B-A2A1-87727145EF8F}.Debug|Any CPU.ActiveCfg = Debug|Any CPU
		{9CD69D09-FAF8-4B2B-A2A1-87727145EF8F}.Debug|Any CPU.Build.0 = Debug|Any CPU
		{9CD69D09-FAF8-4B2B-A2A1-87727145EF8F}.Release|Any CPU.ActiveCfg = Release|Any CPU
		{9CD69D09-FAF8-4B2B-A2A1-87727145EF8F}.Release|Any CPU.Build.0 = Release|Any CPU
		{3507F88D-3300-40FC-95D1-9F4FB68F81F7}.Debug|Any CPU.ActiveCfg = Debug|Any CPU
		{3507F88D-3300-40FC-95D1-9F4FB68F81F7}.Debug|Any CPU.Build.0 = Debug|Any CPU
		{3507F88D-3300-40FC-95D1-9F4FB68F81F7}.Release|Any CPU.ActiveCfg = Release|Any CPU
		{3507F88D-3300-40FC-95D1-9F4FB68F81F7}.Release|Any CPU.Build.0 = Release|Any CPU
		{54A01E11-B3C4-4BC0-8FAE-2D499C15BE07}.Debug|Any CPU.ActiveCfg = Debug|Any CPU
		{54A01E11-B3C4-4BC0-8FAE-2D499C15BE07}.Debug|Any CPU.Build.0 = Debug|Any CPU
		{54A01E11-B3C4-4BC0-8FAE-2D499C15BE07}.Release|Any CPU.ActiveCfg = Release|Any CPU
		{54A01E11-B3C4-4BC0-8FAE-2D499C15BE07}.Release|Any CPU.Build.0 = Release|Any CPU
		{EDFB8C7B-063A-4261-B5F2-1D7B477CC02D}.Debug|Any CPU.ActiveCfg = Debug|Any CPU
		{EDFB8C7B-063A-4261-B5F2-1D7B477CC02D}.Debug|Any CPU.Build.0 = Debug|Any CPU
		{EDFB8C7B-063A-4261-B5F2-1D7B477CC02D}.Release|Any CPU.ActiveCfg = Release|Any CPU
		{EDFB8C7B-063A-4261-B5F2-1D7B477CC02D}.Release|Any CPU.Build.0 = Release|Any CPU
	EndGlobalSection
	GlobalSection(SolutionProperties) = preSolution
		HideSolutionNode = FALSE
	EndGlobalSection
	GlobalSection(ExtensibilityGlobals) = postSolution
		SolutionGuid = {91A8A01F-3F45-412A-BA40-80DA8AE871F8}
	EndGlobalSection
EndGlobal
